
Microsoft Visual Studio Solution File, Format Version 12.00
# Visual Studio Express 2013 for Windows Desktop
VisualStudioVersion = 12.0.30501.0
MinimumVisualStudioVersion = 10.0.40219.1
Project("{FAE04EC0-301F-11D3-BF4B-00C04F79EFBC}") = "ConsoleApplication2", "ConsoleApplication2\ConsoleApplication2.csproj", "{5229C781-76B3-4552-957C-332B02A7F0CC}"
EndProject
Global
	GlobalSection(SolutionConfigurationPlatforms) = preSolution
		Debug|Any CPU = Debug|Any CPU
		Release|Any CPU = Release|Any CPU
	EndGlobalSection
	GlobalSection(ProjectConfigurationPlatforms) = postSolution
		{5229C781-76B3-4552-957C-332B02A7F0CC}.Debug|Any CPU.ActiveCfg = Debug|Any CPU
		{5229C781-76B3-4552-957C-332B02A7F0CC}.Debug|Any CPU.Build.0 = Debug|Any CPU
		{5229C781-76B3-4552-957C-332B02A7F0CC}.Release|Any CPU.ActiveCfg = Release|Any CPU
		{5229C781-76B3-4552-957C-332B02A7F0CC}.Release|Any CPU.Build.0 = Release|Any CPU
	EndGlobalSection
	GlobalSection(SolutionProperties) = preSolution
		HideSolutionNode = FALSE
	EndGlobalSection
EndGlobal
